
Microsoft Visual Studio Solution File, Format Version 12.00
# Visual Studio 15
VisualStudioVersion = 15.0.27703.2047
MinimumVisualStudioVersion = 10.0.40219.1
Project("{FAE04EC0-301F-11D3-BF4B-00C04F79EFBC}") = "App3.Android", "App3\App3.Android\App3.Android.csproj", "{63F5DC2D-4739-41AA-A619-AF878920A32C}"
EndProject
Project("{FAE04EC0-301F-11D3-BF4B-00C04F79EFBC}") = "App3.iOS", "App3\App3.iOS\App3.iOS.csproj", "{A49F02EA-CEB0-4623-A319-D788F051BBEB}"
EndProject
Project("{9A19103F-16F7-4668-BE54-9A1E7A4F7556}") = "App3", "App3\App3\App3.csproj", "{81DEF354-4B5F-45EC-9F6B-0F1C9C43CAEB}"
EndProject
Global
	GlobalSection(SolutionConfigurationPlatforms) = preSolution
		Debug|Any CPU = Debug|Any CPU
		Debug|iPhone = Debug|iPhone
		Debug|iPhoneSimulator = Debug|iPhoneSimulator
		Debug|x86 = Debug|x86
		Release|Any CPU = Release|Any CPU
		Release|iPhone = Release|iPhone
		Release|iPhoneSimulator = Release|iPhoneSimulator
		Release|x86 = Release|x86
	EndGlobalSection
	GlobalSection(ProjectConfigurationPlatforms) = postSolution
		{63F5DC2D-4739-41AA-A619-AF878920A32C}.Debug|Any CPU.ActiveCfg = Debug|Any CPU
		{63F5DC2D-4739-41AA-A619-AF878920A32C}.Debug|Any CPU.Build.0 = Debug|Any CPU
		{63F5DC2D-4739-41AA-A619-AF878920A32C}.Debug|Any CPU.Deploy.0 = Debug|Any CPU
		{63F5DC2D-4739-41AA-A619-AF878920A32C}.Debug|iPhone.ActiveCfg = Debug|Any CPU
		{63F5DC2D-4739-41AA-A619-AF878920A32C}.Debug|iPhone.Build.0 = Debug|Any CPU
		{63F5DC2D-4739-41AA-A619-AF878920A32C}.Debug|iPhone.Deploy.0 = Debug|Any CPU
		{63F5DC2D-4739-41AA-A619-AF878920A32C}.Debug|iPhoneSimulator.ActiveCfg = Debug|Any CPU
		{63F5DC2D-4739-41AA-A619-AF878920A32C}.Debug|iPhoneSimulator.Build.0 = Debug|Any CPU
		{63F5DC2D-4739-41AA-A619-AF878920A32C}.Debug|iPhoneSimulator.Deploy.0 = Debug|Any CPU
		{63F5DC2D-4739-41AA-A619-AF878920A32C}.Debug|x86.ActiveCfg = Debug|x86
		{63F5DC2D-4739-41AA-A619-AF878920A32C}.Debug|x86.Build.0 = Debug|x86
		{63F5DC2D-4739-41AA-A619-AF878920A32C}.Debug|x86.Deploy.0 = Debug|x86
		{63F5DC2D-4739-41AA-A619-AF878920A32C}.Release|Any CPU.ActiveCfg = Release|Any CPU
		{63F5DC2D-4739-41AA-A619-AF878920A32C}.Release|Any CPU.Build.0 = Release|Any CPU
		{63F5DC2D-4739-41AA-A619-AF878920A32C}.Release|Any CPU.Deploy.0 = Release|Any CPU
		{63F5DC2D-4739-41AA-A619-AF878920A32C}.Release|iPhone.ActiveCfg = Release|Any CPU
		{63F5DC2D-4739-41AA-A619-AF878920A32C}.Release|iPhone.Build.0 = Release|Any CPU
		{63F5DC2D-4739-41AA-A619-AF878920A32C}.Release|iPhone.Deploy.0 = Release|Any CPU
		{63F5DC2D-4739-41AA-A619-AF878920A32C}.Release|iPhoneSimulator.ActiveCfg = Release|Any CPU
		{63F5DC2D-4739-41AA-A619-AF878920A32C}.Release|iPhoneSimulator.Build.0 = Release|Any CPU
		{63F5DC2D-4739-41AA-A619-AF878920A32C}.Release|iPhoneSimulator.Deploy.0 = Release|Any CPU
		{63F5DC2D-4739-41AA-A619-AF878920A32C}.Release|x86.ActiveCfg = Release|Any CPU
		{63F5DC2D-4739-41AA-A619-AF878920A32C}.Release|x86.Build.0 = Release|Any CPU
		{63F5DC2D-4739-41AA-A619-AF878920A32C}.Release|x86.Deploy.0 = Release|Any CPU
		{A49F02EA-CEB0-4623-A319-D788F051BBEB}.Debug|Any CPU.ActiveCfg = Debug|iPhoneSimulator
		{A49F02EA-CEB0-4623-A319-D788F051BBEB}.Debug|Any CPU.Build.0 = Debug|iPhoneSimulator
		{A49F02EA-CEB0-4623-A319-D788F051BBEB}.Debug|Any CPU.Deploy.0 = Debug|iPhoneSimulator
		{A49F02EA-CEB0-4623-A319-D788F051BBEB}.Debug|iPhone.ActiveCfg = Debug|iPhone
		{A49F02EA-CEB0-4623-A319-D788F051BBEB}.Debug|iPhone.Build.0 = Debug|iPhone
		{A49F02EA-CEB0-4623-A319-D788F051BBEB}.Debug|iPhone.Deploy.0 = Debug|iPhone
		{A49F02EA-CEB0-4623-A319-D788F051BBEB}.Debug|iPhoneSimulator.ActiveCfg = Debug|iPhoneSimulator
		{A49F02EA-CEB0-4623-A319-D788F051BBEB}.Debug|iPhoneSimulator.Build.0 = Debug|iPhoneSimulator
		{A49F02EA-CEB0-4623-A319-D788F051BBEB}.Debug|iPhoneSimulator.Deploy.0 = Debug|iPhoneSimulator
		{A49F02EA-CEB0-4623-A319-D788F051BBEB}.Debug|x86.ActiveCfg = Debug|iPhone
		{A49F02EA-CEB0-4623-A319-D788F051BBEB}.Release|Any CPU.ActiveCfg = Release|iPhone
		{A49F02EA-CEB0-4623-A319-D788F051BBEB}.Release|Any CPU.Build.0 = Release|iPhone
		{A49F02EA-CEB0-4623-A319-D788F051BBEB}.Release|Any CPU.Deploy.0 = Release|iPhone
		{A49F02EA-CEB0-4623-A319-D788F051BBEB}.Release|iPhone.ActiveCfg = Release|iPhone
		{A49F02EA-CEB0-4623-A319-D788F051BBEB}.Release|iPhone.Build.0 = Release|iPhone
		{A49F02EA-CEB0-4623-A319-D788F051BBEB}.Release|iPhone.Deploy.0 = Release|iPhone
		{A49F02EA-CEB0-4623-A319-D788F051BBEB}.Release|iPhoneSimulator.ActiveCfg = Release|iPhoneSimulator
		{A49F02EA-CEB0-4623-A319-D788F051BBEB}.Release|iPhoneSimulator.Build.0 = Release|iPhoneSimulator
		{A49F02EA-CEB0-4623-A319-D788F051BBEB}.Release|iPhoneSimulator.Deploy.0 = Release|iPhoneSimulator
		{A49F02EA-CEB0-4623-A319-D788F051BBEB}.Release|x86.ActiveCfg = Release|iPhoneSimulator
		{81DEF354-4B5F-45EC-9F6B-0F1C9C43CAEB}.Debug|Any CPU.ActiveCfg = Debug|Any CPU
		{81DEF354-4B5F-45EC-9F6B-0F1C9C43CAEB}.Debug|Any CPU.Build.0 = Debug|Any CPU
		{81DEF354-4B5F-45EC-9F6B-0F1C9C43CAEB}.Debug|Any CPU.Deploy.0 = Debug|Any CPU
		{81DEF354-4B5F-45EC-9F6B-0F1C9C43CAEB}.Debug|iPhone.ActiveCfg = Debug|Any CPU
		{81DEF354-4B5F-45EC-9F6B-0F1C9C43CAEB}.Debug|iPhone.Build.0 = Debug|Any CPU
		{81DEF354-4B5F-45EC-9F6B-0F1C9C43CAEB}.Debug|iPhone.Deploy.0 = Debug|Any CPU
		{81DEF354-4B5F-45EC-9F6B-0F1C9C43CAEB}.Debug|iPhoneSimulator.ActiveCfg = Debug|Any CPU
		{81DEF354-4B5F-45EC-9F6B-0F1C9C43CAEB}.Debug|iPhoneSimulator.Build.0 = Debug|Any CPU
		{81DEF354-4B5F-45EC-9F6B-0F1C9C43CAEB}.Debug|iPhoneSimulator.Deploy.0 = Debug|Any CPU
		{81DEF354-4B5F-45EC-9F6B-0F1C9C43CAEB}.Debug|x86.ActiveCfg = Debug|Any CPU
		{81DEF354-4B5F-45EC-9F6B-0F1C9C43CAEB}.Debug|x86.Build.0 = Debug|Any CPU
		{81DEF354-4B5F-45EC-9F6B-0F1C9C43CAEB}.Release|Any CPU.ActiveCfg = Release|Any CPU
		{81DEF354-4B5F-45EC-9F6B-0F1C9C43CAEB}.Release|Any CPU.Build.0 = Release|Any CPU
		{81DEF354-4B5F-45EC-9F6B-0F1C9C43CAEB}.Release|Any CPU.Deploy.0 = Release|Any CPU
		{81DEF354-4B5F-45EC-9F6B-0F1C9C43CAEB}.Release|iPhone.ActiveCfg = Release|Any CPU
		{81DEF354-4B5F-45EC-9F6B-0F1C9C43CAEB}.Release|iPhone.Build.0 = Release|Any CPU
		{81DEF354-4B5F-45EC-9F6B-0F1C9C43CAEB}.Release|iPhone.Deploy.0 = Release|Any CPU
		{81DEF354-4B5F-45EC-9F6B-0F1C9C43CAEB}.Release|iPhoneSimulator.ActiveCfg = Release|Any CPU
		{81DEF354-4B5F-45EC-9F6B-0F1C9C43CAEB}.Release|iPhoneSimulator.Build.0 = Release|Any CPU
		{81DEF354-4B5F-45EC-9F6B-0F1C9C43CAEB}.Release|iPhoneSimulator.Deploy.0 = Release|Any CPU
		{81DEF354-4B5F-45EC-9F6B-0F1C9C43CAEB}.Release|x86.ActiveCfg = Release|Any CPU
		{81DEF354-4B5F-45EC-9F6B-0F1C9C43CAEB}.Release|x86.Build.0 = Release|Any CPU
	EndGlobalSection
	GlobalSection(SolutionProperties) = preSolution
		HideSolutionNode = FALSE
	EndGlobalSection
	GlobalSection(ExtensibilityGlobals) = postSolution
		SolutionGuid = {28F70A42-5A24-40CF-9B94-C0DF618D1B20}
	EndGlobalSection
EndGlobal
